
Microsoft Visual Studio Solution File, Format Version 12.00
# Visual Studio Version 16
VisualStudioVersion = 16.0.30320.27
MinimumVisualStudioVersion = 10.0.40219.1
Project("{FAE04EC0-301F-11D3-BF4B-00C04F79EFBC}") = "ConsoleAppMonolitycznie", "ConsoleAppMonolitycznie\ConsoleAppMonolitycznie.csproj", "{39DC176D-001A-4D8B-A83F-E36EC3B2839C}"
EndProject
Project("{FAE04EC0-301F-11D3-BF4B-00C04F79EFBC}") = "ConsoleAppModularnie", "ConsoleAppModularnie\ConsoleAppModularnie.csproj", "{FB800BBE-CC0F-4790-A3B4-842468D42F12}"
EndProject
Project("{FAE04EC0-301F-11D3-BF4B-00C04F79EFBC}") = "Gra Library", "Gra Library\Gra Library.csproj", "{E0F62CD0-55C7-4851-AADA-E57C1A6096CC}"
EndProject
Project("{FAE04EC0-301F-11D3-BF4B-00C04F79EFBC}") = "ConsoleAppObiektowo", "ConsoleAppObiektowo\ConsoleAppObiektowo.csproj", "{363BC1C7-4CFD-4605-B303-9B65990D73BF}"
EndProject
Global
	GlobalSection(SolutionConfigurationPlatforms) = preSolution
		Debug|Any CPU = Debug|Any CPU
		Release|Any CPU = Release|Any CPU
	EndGlobalSection
	GlobalSection(ProjectConfigurationPlatforms) = postSolution
		{39DC176D-001A-4D8B-A83F-E36EC3B2839C}.Debug|Any CPU.ActiveCfg = Debug|Any CPU
		{39DC176D-001A-4D8B-A83F-E36EC3B2839C}.Debug|Any CPU.Build.0 = Debug|Any CPU
		{39DC176D-001A-4D8B-A83F-E36EC3B2839C}.Release|Any CPU.ActiveCfg = Release|Any CPU
		{39DC176D-001A-4D8B-A83F-E36EC3B2839C}.Release|Any CPU.Build.0 = Release|Any CPU
		{FB800BBE-CC0F-4790-A3B4-842468D42F12}.Debug|Any CPU.ActiveCfg = Debug|Any CPU
		{FB800BBE-CC0F-4790-A3B4-842468D42F12}.Debug|Any CPU.Build.0 = Debug|Any CPU
		{FB800BBE-CC0F-4790-A3B4-842468D42F12}.Release|Any CPU.ActiveCfg = Release|Any CPU
		{FB800BBE-CC0F-4790-A3B4-842468D42F12}.Release|Any CPU.Build.0 = Release|Any CPU
		{E0F62CD0-55C7-4851-AADA-E57C1A6096CC}.Debug|Any CPU.ActiveCfg = Debug|Any CPU
		{E0F62CD0-55C7-4851-AADA-E57C1A6096CC}.Debug|Any CPU.Build.0 = Debug|Any CPU
		{E0F62CD0-55C7-4851-AADA-E57C1A6096CC}.Release|Any CPU.ActiveCfg = Release|Any CPU
		{E0F62CD0-55C7-4851-AADA-E57C1A6096CC}.Release|Any CPU.Build.0 = Release|Any CPU
		{363BC1C7-4CFD-4605-B303-9B65990D73BF}.Debug|Any CPU.ActiveCfg = Debug|Any CPU
		{363BC1C7-4CFD-4605-B303-9B65990D73BF}.Debug|Any CPU.Build.0 = Debug|Any CPU
		{363BC1C7-4CFD-4605-B303-9B65990D73BF}.Release|Any CPU.ActiveCfg = Release|Any CPU
		{363BC1C7-4CFD-4605-B303-9B65990D73BF}.Release|Any CPU.Build.0 = Release|Any CPU
	EndGlobalSection
	GlobalSection(SolutionProperties) = preSolution
		HideSolutionNode = FALSE
	EndGlobalSection
	GlobalSection(ExtensibilityGlobals) = postSolution
		SolutionGuid = {2FAA4F7F-8511-4C27-873B-D19C0889F48D}
	EndGlobalSection
EndGlobal
